<?xml version="1.0" encoding="utf-8"?>
<Project ToolsVersion="4.0" xmlns="http://schemas.microsoft.com/developer/msbuild/2003">
  <ItemGroup>
    <Filter Include="Source Files">
      <UniqueIdentifier>{4FC737F1-C7A5-4376-A066-2A32D752A2FF}</UniqueIdentifier>
      <Extensions>cpp;c;cc;cxx;c++;cppm;ixx;def;odl;idl;hpj;bat;asm;asmx</Extensions>
    </Filter>
    <Filter Include="Header Files">
      <UniqueIdentifier>{93995380-89BD-4b04-88EB-625FBE52EBFB}</UniqueIdentifier>
      <Extensions>h;hh;hpp;hxx;h++;hm;inl;inc;ipp;xsd</Extensions>
    </Filter>
    <Filter Include="Resource Files">
      <UniqueIdentifier>{67DA6AB6-F800-4c08-8B7A-83BB121AAD01}</UniqueIdentifier>
      <Extensions>rc;ico;cur;bmp;dlg;rc2;rct;bin;rgs;gif;jpg;jpeg;jpe;resx;tiff;tif;png;wav;mfcribbon-ms</Extensions>
    </Filter>
  </ItemGroup>
  <ItemGroup>
    <ClCompile Include="RobotOperatorTest.cpp">
      <Filter>Source Files</Filter>
    </ClCompile>
    <ClCompile Include="robotAPITest.cpp">
      <Filter>Source Files</Filter>
    </ClCompile>
    <ClCompile Include="RobotOperator.cpp">
      <Filter>Source Files</Filter>
    </ClCompile>
    <ClCompile Include="Pose.cpp">
      <Filter>Source Files</Filter>
    </ClCompile>
    <ClCompile Include="Path.cpp">
      <Filter>Source Files</Filter>
    </ClCompile>
    <ClCompile Include="EncryptionTest.cpp">
      <Filter>Source Files</Filter>
    </ClCompile>
    <ClCompile Include="Encryption.cpp">
      <Filter>Source Files</Filter>
    </ClCompile>
    <ClCompile Include="PoseTest.cpp">
      <Filter>Source Files</Filter>
    </ClCompile>
    <ClCompile Include="LaserSensor.cpp">
      <Filter>Source Files</Filter>
    </ClCompile>
    <ClCompile Include="LaserSensorTest.cpp">
      <Filter>Source Files</Filter>
    </ClCompile>
    <ClCompile Include="MainMenu.cpp">
      <Filter>Source Files</Filter>
    </ClCompile>
    <ClCompile Include="MotionMenu.cpp">
      <Filter>Source Files</Filter>
    </ClCompile>
    <ClCompile Include="ConnectionMenu.cpp">
      <Filter>Source Files</Filter>
    </ClCompile>
    <ClCompile Include="QuitMenu.cpp">
      <Filter>Source Files</Filter>
    </ClCompile>
    <ClCompile Include="Record.cpp">
      <Filter>Source Files</Filter>
    </ClCompile>
    <ClCompile Include="RecordTest.cpp">
      <Filter>Source Files</Filter>
    </ClCompile>
    <ClCompile Include="SensorMenu.cpp">
      <Filter>Source Files</Filter>
    </ClCompile>
    <ClCompile Include="SonarSensor.cpp">
      <Filter>Source Files</Filter>
    </ClCompile>
    <ClCompile Include="SonarSensorTest.cpp">
      <Filter>Source Files</Filter>
    </ClCompile>
    <ClCompile Include="RobotControlTest.cpp">
      <Filter>Source Files</Filter>
    </ClCompile>
    <ClCompile Include="RobotControl.cpp">
      <Filter>Source Files</Filter>
    </ClCompile>
    <ClCompile Include="PathTest.cpp">
      <Filter>Source Files</Filter>
    </ClCompile>
    <ClCompile Include="RangeSensor.cpp">
      <Filter>Source Files</Filter>
    </ClCompile>
    <ClCompile Include="RangeSensorTest.cpp">
      <Filter>Source Files</Filter>
    </ClCompile>
    <ClCompile Include="RobotInterface.cpp">
      <Filter>Source Files</Filter>
    </ClCompile>
    <ClCompile Include="RobotInterfaceTest.cpp">
      <Filter>Source Files</Filter>
    </ClCompile>
    <ClCompile Include="PioneerRobotInterface.cpp">
      <Filter>Source Files</Filter>
    </ClCompile>
    <ClCompile Include="PioneerRobotInterfaceTest.cpp">
      <Filter>Source Files</Filter>
    </ClCompile>
  </ItemGroup>
  <ItemGroup>
    <ClInclude Include="PioneerRobotAPI.h">
      <Filter>Header Files</Filter>
    </ClInclude>
    <ClInclude Include="RobotOperator.h">
      <Filter>Source Files</Filter>
    </ClInclude>
    <ClInclude Include="Encryption.h">
      <Filter>Source Files</Filter>
    </ClInclude>
    <ClInclude Include="Pose.h">
      <Filter>Header Files</Filter>
    </ClInclude>
    <ClInclude Include="Path.h">
      <Filter>Header Files</Filter>
    </ClInclude>
    <ClInclude Include="Node.h">
      <Filter>Header Files</Filter>
    </ClInclude>
    <ClInclude Include="Aria\ArAction.h">
      <Filter>Header Files</Filter>
    </ClInclude>
    <ClInclude Include="Aria\ArActionAvoidFront.h">
      <Filter>Header Files</Filter>
    </ClInclude>
    <ClInclude Include="Aria\ArActionAvoidSide.h">
      <Filter>Header Files</Filter>
    </ClInclude>
    <ClInclude Include="Aria\ArActionBumpers.h">
      <Filter>Header Files</Filter>
    </ClInclude>
    <ClInclude Include="Aria\ArActionColorFollow.h">
      <Filter>Header Files</Filter>
    </ClInclude>
    <ClInclude Include="Aria\ArActionConstantVelocity.h">
      <Filter>Header Files</Filter>
    </ClInclude>
    <ClInclude Include="Aria\ArActionDeceleratingLimiter.h">
      <Filter>Header Files</Filter>
    </ClInclude>
    <ClInclude Include="Aria\ArActionDesired.h">
      <Filter>Header Files</Filter>
    </ClInclude>
    <ClInclude Include="Aria\ArActionDriveDistance.h">
      <Filter>Header Files</Filter>
    </ClInclude>
    <ClInclude Include="Aria\ArActionGoto.h">
      <Filter>Header Files</Filter>
    </ClInclude>
    <ClInclude Include="Aria\ArActionGotoStraight.h">
      <Filter>Header Files</Filter>
    </ClInclude>
    <ClInclude Include="Aria\ArActionGroup.h">
      <Filter>Header Files</Filter>
    </ClInclude>
    <ClInclude Include="Aria\ArActionGroups.h">
      <Filter>Header Files</Filter>
    </ClInclude>
    <ClInclude Include="Aria\ArActionInput.h">
      <Filter>Header Files</Filter>
    </ClInclude>
    <ClInclude Include="Aria\ArActionIRs.h">
      <Filter>Header Files</Filter>
    </ClInclude>
    <ClInclude Include="Aria\ArActionJoydrive.h">
      <Filter>Header Files</Filter>
    </ClInclude>
    <ClInclude Include="Aria\ArActionKeydrive.h">
      <Filter>Header Files</Filter>
    </ClInclude>
    <ClInclude Include="Aria\ArActionLimiterBackwards.h">
      <Filter>Header Files</Filter>
    </ClInclude>
    <ClInclude Include="Aria\ArActionLimiterForwards.h">
      <Filter>Header Files</Filter>
    </ClInclude>
    <ClInclude Include="Aria\ArActionLimiterRot.h">
      <Filter>Header Files</Filter>
    </ClInclude>
    <ClInclude Include="Aria\ArActionLimiterTableSensor.h">
      <Filter>Header Files</Filter>
    </ClInclude>
    <ClInclude Include="Aria\ArActionMovementParameters.h">
      <Filter>Header Files</Filter>
    </ClInclude>
    <ClInclude Include="Aria\ArActionMovementParametersDebugging.h">
      <Filter>Header Files</Filter>
    </ClInclude>
    <ClInclude Include="Aria\ArActionRatioInput.h">
      <Filter>Header Files</Filter>
    </ClInclude>
    <ClInclude Include="Aria\ArActionRobotJoydrive.h">
      <Filter>Header Files</Filter>
    </ClInclude>
    <ClInclude Include="Aria\ArActionStallRecover.h">
      <Filter>Header Files</Filter>
    </ClInclude>
    <ClInclude Include="Aria\ArActionStop.h">
      <Filter>Header Files</Filter>
    </ClInclude>
    <ClInclude Include="Aria\ArActionTriangleDriveTo.h">
      <Filter>Header Files</Filter>
    </ClInclude>
    <ClInclude Include="Aria\ArActionTurn.h">
      <Filter>Header Files</Filter>
    </ClInclude>
    <ClInclude Include="Aria\ArACTS.h">
      <Filter>Header Files</Filter>
    </ClInclude>
    <ClInclude Include="Aria\ArAMPTU.h">
      <Filter>Header Files</Filter>
    </ClInclude>
    <ClInclude Include="Aria\ArAnalogGyro.h">
      <Filter>Header Files</Filter>
    </ClInclude>
    <ClInclude Include="Aria\ArArg.h">
      <Filter>Header Files</Filter>
    </ClInclude>
    <ClInclude Include="Aria\ArArgumentBuilder.h">
      <Filter>Header Files</Filter>
    </ClInclude>
    <ClInclude Include="Aria\ArArgumentParser.h">
      <Filter>Header Files</Filter>
    </ClInclude>
    <ClInclude Include="Aria\ArASyncTask.h">
      <Filter>Header Files</Filter>
    </ClInclude>
    <ClInclude Include="Aria\ArBasePacket.h">
      <Filter>Header Files</Filter>
    </ClInclude>
    <ClInclude Include="Aria\ArBatteryConnector.h">
      <Filter>Header Files</Filter>
    </ClInclude>
    <ClInclude Include="Aria\ArBatteryMTX.h">
      <Filter>Header Files</Filter>
    </ClInclude>
    <ClInclude Include="Aria\ArBumpers.h">
      <Filter>Header Files</Filter>
    </ClInclude>
    <ClInclude Include="Aria\ArCameraCollection.h">
      <Filter>Header Files</Filter>
    </ClInclude>
    <ClInclude Include="Aria\ArCameraCommands.h">
      <Filter>Header Files</Filter>
    </ClInclude>
    <ClInclude Include="Aria\ArCommands.h">
      <Filter>Header Files</Filter>
    </ClInclude>
    <ClInclude Include="Aria\ArCondition.h">
      <Filter>Header Files</Filter>
    </ClInclude>
    <ClInclude Include="Aria\ArConfig.h">
      <Filter>Header Files</Filter>
    </ClInclude>
    <ClInclude Include="Aria\ArConfigArg.h">
      <Filter>Header Files</Filter>
    </ClInclude>
    <ClInclude Include="Aria\ArConfigGroup.h">
      <Filter>Header Files</Filter>
    </ClInclude>
    <ClInclude Include="Aria\ArDataLogger.h">
      <Filter>Header Files</Filter>
    </ClInclude>
    <ClInclude Include="Aria\ArDeviceConnection.h">
      <Filter>Header Files</Filter>
    </ClInclude>
    <ClInclude Include="Aria\ArDPPTU.h">
      <Filter>Header Files</Filter>
    </ClInclude>
    <ClInclude Include="Aria\ArDrawingData.h">
      <Filter>Header Files</Filter>
    </ClInclude>
    <ClInclude Include="Aria\ArExitErrorSource.h">
      <Filter>Header Files</Filter>
    </ClInclude>
    <ClInclude Include="Aria\ArExport.h">
      <Filter>Header Files</Filter>
    </ClInclude>
    <ClInclude Include="Aria\ArFileDeviceConnection.h">
      <Filter>Header Files</Filter>
    </ClInclude>
    <ClInclude Include="Aria\ArFileParser.h">
      <Filter>Header Files</Filter>
    </ClInclude>
    <ClInclude Include="Aria\ArForbiddenRangeDevice.h">
      <Filter>Header Files</Filter>
    </ClInclude>
    <ClInclude Include="Aria\ArFunctor.h">
      <Filter>Header Files</Filter>
    </ClInclude>
    <ClInclude Include="Aria\ArFunctorASyncTask.h">
      <Filter>Header Files</Filter>
    </ClInclude>
    <ClInclude Include="Aria\ArGPS.h">
      <Filter>Header Files</Filter>
    </ClInclude>
    <ClInclude Include="Aria\ArGPSConnector.h">
      <Filter>Header Files</Filter>
    </ClInclude>
    <ClInclude Include="Aria\ArGPSCoords.h">
      <Filter>Header Files</Filter>
    </ClInclude>
    <ClInclude Include="Aria\ArGripper.h">
      <Filter>Header Files</Filter>
    </ClInclude>
    <ClInclude Include="Aria\ArHasFileName.h">
      <Filter>Header Files</Filter>
    </ClInclude>
    <ClInclude Include="Aria\Aria.h">
      <Filter>Header Files</Filter>
    </ClInclude>
    <ClInclude Include="Aria\ariaInternal.h">
      <Filter>Header Files</Filter>
    </ClInclude>
    <ClInclude Include="Aria\ariaOSDef.h">
      <Filter>Header Files</Filter>
    </ClInclude>
    <ClInclude Include="Aria\ariaTypedefs.h">
      <Filter>Header Files</Filter>
    </ClInclude>
    <ClInclude Include="Aria\ariaUtil.h">
      <Filter>Header Files</Filter>
    </ClInclude>
    <ClInclude Include="Aria\ArInterpolation.h">
      <Filter>Header Files</Filter>
    </ClInclude>
    <ClInclude Include="Aria\ArIrrfDevice.h">
      <Filter>Header Files</Filter>
    </ClInclude>
    <ClInclude Include="Aria\ArIRs.h">
      <Filter>Header Files</Filter>
    </ClInclude>
    <ClInclude Include="Aria\ArJoyHandler.h">
      <Filter>Header Files</Filter>
    </ClInclude>
    <ClInclude Include="Aria\ArKeyHandler.h">
      <Filter>Header Files</Filter>
    </ClInclude>
    <ClInclude Include="Aria\ArLaser.h">
      <Filter>Header Files</Filter>
    </ClInclude>
    <ClInclude Include="Aria\ArLaserConnector.h">
      <Filter>Header Files</Filter>
    </ClInclude>
    <ClInclude Include="Aria\ArLaserFilter.h">
      <Filter>Header Files</Filter>
    </ClInclude>
    <ClInclude Include="Aria\ArLaserLogger.h">
      <Filter>Header Files</Filter>
    </ClInclude>
    <ClInclude Include="Aria\ArLaserReflectorDevice.h">
      <Filter>Header Files</Filter>
    </ClInclude>
    <ClInclude Include="Aria\ArLCDConnector.h">
      <Filter>Header Files</Filter>
    </ClInclude>
    <ClInclude Include="Aria\ArLCDMTX.h">
      <Filter>Header Files</Filter>
    </ClInclude>
    <ClInclude Include="Aria\ArLineFinder.h">
      <Filter>Header Files</Filter>
    </ClInclude>
    <ClInclude Include="Aria\ArLMS1XX.h">
      <Filter>Header Files</Filter>
    </ClInclude>
    <ClInclude Include="Aria\ArLMS2xx.h">
      <Filter>Header Files</Filter>
    </ClInclude>
    <ClInclude Include="Aria\ArLMS2xxPacket.h">
      <Filter>Header Files</Filter>
    </ClInclude>
    <ClInclude Include="Aria\ArLMS2xxPacketReceiver.h">
      <Filter>Header Files</Filter>
    </ClInclude>
    <ClInclude Include="Aria\ArLog.h">
      <Filter>Header Files</Filter>
    </ClInclude>
    <ClInclude Include="Aria\ArLogFileConnection.h">
      <Filter>Header Files</Filter>
    </ClInclude>
    <ClInclude Include="Aria\ArMap.h">
      <Filter>Header Files</Filter>
    </ClInclude>
    <ClInclude Include="Aria\ArMapComponents.h">
      <Filter>Header Files</Filter>
    </ClInclude>
    <ClInclude Include="Aria\ArMapInterface.h">
      <Filter>Header Files</Filter>
    </ClInclude>
    <ClInclude Include="Aria\ArMapObject.h">
      <Filter>Header Files</Filter>
    </ClInclude>
    <ClInclude Include="Aria\ArMapUtils.h">
      <Filter>Header Files</Filter>
    </ClInclude>
    <ClInclude Include="Aria\ArMD5Calculator.h">
      <Filter>Header Files</Filter>
    </ClInclude>
    <ClInclude Include="Aria\ArMode.h">
      <Filter>Header Files</Filter>
    </ClInclude>
    <ClInclude Include="Aria\ArModes.h">
      <Filter>Header Files</Filter>
    </ClInclude>
    <ClInclude Include="Aria\ArModule.h">
      <Filter>Header Files</Filter>
    </ClInclude>
    <ClInclude Include="Aria\ArModuleLoader.h">
      <Filter>Header Files</Filter>
    </ClInclude>
    <ClInclude Include="Aria\ArMTXIO.h">
      <Filter>Header Files</Filter>
    </ClInclude>
    <ClInclude Include="Aria\ArMutex.h">
      <Filter>Header Files</Filter>
    </ClInclude>
    <ClInclude Include="Aria\ArNetServer.h">
      <Filter>Header Files</Filter>
    </ClInclude>
    <ClInclude Include="Aria\ArNMEAParser.h">
      <Filter>Header Files</Filter>
    </ClInclude>
    <ClInclude Include="Aria\ArNovatelGPS.h">
      <Filter>Header Files</Filter>
    </ClInclude>
    <ClInclude Include="Aria\ArP2Arm.h">
      <Filter>Header Files</Filter>
    </ClInclude>
    <ClInclude Include="Aria\ArPixelDevice.h">
      <Filter>Header Files</Filter>
    </ClInclude>
    <ClInclude Include="Aria\ArPriorityResolver.h">
      <Filter>Header Files</Filter>
    </ClInclude>
    <ClInclude Include="Aria\ArPTZ.h">
      <Filter>Header Files</Filter>
    </ClInclude>
    <ClInclude Include="Aria\ArPTZConnector.h">
      <Filter>Header Files</Filter>
    </ClInclude>
    <ClInclude Include="Aria\ArRangeBuffer.h">
      <Filter>Header Files</Filter>
    </ClInclude>
    <ClInclude Include="Aria\ArRangeDevice.h">
      <Filter>Header Files</Filter>
    </ClInclude>
    <ClInclude Include="Aria\ArRangeDeviceThreaded.h">
      <Filter>Header Files</Filter>
    </ClInclude>
    <ClInclude Include="Aria\ArRatioInputJoydrive.h">
      <Filter>Header Files</Filter>
    </ClInclude>
    <ClInclude Include="Aria\ArRatioInputKeydrive.h">
      <Filter>Header Files</Filter>
    </ClInclude>
    <ClInclude Include="Aria\ArRatioInputRobotJoydrive.h">
      <Filter>Header Files</Filter>
    </ClInclude>
    <ClInclude Include="Aria\ArRecurrentTask.h">
      <Filter>Header Files</Filter>
    </ClInclude>
    <ClInclude Include="Aria\ArResolver.h">
      <Filter>Header Files</Filter>
    </ClInclude>
    <ClInclude Include="Aria\ArRingQueue.h">
      <Filter>Header Files</Filter>
    </ClInclude>
    <ClInclude Include="Aria\ArRobot.h">
      <Filter>Header Files</Filter>
    </ClInclude>
    <ClInclude Include="Aria\ArRobotBatteryPacketReader.h">
      <Filter>Header Files</Filter>
    </ClInclude>
    <ClInclude Include="Aria\ArRobotConfig.h">
      <Filter>Header Files</Filter>
    </ClInclude>
    <ClInclude Include="Aria\ArRobotConfigPacketReader.h">
      <Filter>Header Files</Filter>
    </ClInclude>
    <ClInclude Include="Aria\ArRobotConnector.h">
      <Filter>Header Files</Filter>
    </ClInclude>
    <ClInclude Include="Aria\ArRobotJoyHandler.h">
      <Filter>Header Files</Filter>
    </ClInclude>
    <ClInclude Include="Aria\ArRobotPacket.h">
      <Filter>Header Files</Filter>
    </ClInclude>
    <ClInclude Include="Aria\ArRobotPacketReaderThread.h">
      <Filter>Header Files</Filter>
    </ClInclude>
    <ClInclude Include="Aria\ArRobotPacketReceiver.h">
      <Filter>Header Files</Filter>
    </ClInclude>
    <ClInclude Include="Aria\ArRobotPacketSender.h">
      <Filter>Header Files</Filter>
    </ClInclude>
    <ClInclude Include="Aria\ArRobotParams.h">
      <Filter>Header Files</Filter>
    </ClInclude>
    <ClInclude Include="Aria\ArRobotTypes.h">
      <Filter>Header Files</Filter>
    </ClInclude>
    <ClInclude Include="Aria\ArRVisionPTZ.h">
      <Filter>Header Files</Filter>
    </ClInclude>
    <ClInclude Include="Aria\ArS3Series.h">
      <Filter>Header Files</Filter>
    </ClInclude>
    <ClInclude Include="Aria\ArSensorReading.h">
      <Filter>Header Files</Filter>
    </ClInclude>
    <ClInclude Include="Aria\ArSerialConnection.h">
      <Filter>Header Files</Filter>
    </ClInclude>
    <ClInclude Include="Aria\ArSick.h">
      <Filter>Header Files</Filter>
    </ClInclude>
    <ClInclude Include="Aria\ArSignalHandler.h">
      <Filter>Header Files</Filter>
    </ClInclude>
    <ClInclude Include="Aria\ArSimpleConnector.h">
      <Filter>Header Files</Filter>
    </ClInclude>
    <ClInclude Include="Aria\ArSimulatedLaser.h">
      <Filter>Header Files</Filter>
    </ClInclude>
    <ClInclude Include="Aria\ArSocket.h">
      <Filter>Header Files</Filter>
    </ClInclude>
    <ClInclude Include="Aria\ArSonarAutoDisabler.h">
      <Filter>Header Files</Filter>
    </ClInclude>
    <ClInclude Include="Aria\ArSonarConnector.h">
      <Filter>Header Files</Filter>
    </ClInclude>
    <ClInclude Include="Aria\ArSonarDevice.h">
      <Filter>Header Files</Filter>
    </ClInclude>
    <ClInclude Include="Aria\ArSonarMTX.h">
      <Filter>Header Files</Filter>
    </ClInclude>
    <ClInclude Include="Aria\ArSonyPTZ.h">
      <Filter>Header Files</Filter>
    </ClInclude>
    <ClInclude Include="Aria\ArSoundPlayer.h">
      <Filter>Header Files</Filter>
    </ClInclude>
    <ClInclude Include="Aria\ArSoundsQueue.h">
      <Filter>Header Files</Filter>
    </ClInclude>
    <ClInclude Include="Aria\ArSpeech.h">
      <Filter>Header Files</Filter>
    </ClInclude>
    <ClInclude Include="Aria\ArStringInfoGroup.h">
      <Filter>Header Files</Filter>
    </ClInclude>
    <ClInclude Include="Aria\ArSyncLoop.h">
      <Filter>Header Files</Filter>
    </ClInclude>
    <ClInclude Include="Aria\ArSyncTask.h">
      <Filter>Header Files</Filter>
    </ClInclude>
    <ClInclude Include="Aria\ArSystemStatus.h">
      <Filter>Header Files</Filter>
    </ClInclude>
    <ClInclude Include="Aria\ArSZSeries.h">
      <Filter>Header Files</Filter>
    </ClInclude>
    <ClInclude Include="Aria\ArTaskState.h">
      <Filter>Header Files</Filter>
    </ClInclude>
    <ClInclude Include="Aria\ArTCM2.h">
      <Filter>Header Files</Filter>
    </ClInclude>
    <ClInclude Include="Aria\ArTCMCompassDirect.h">
      <Filter>Header Files</Filter>
    </ClInclude>
    <ClInclude Include="Aria\ArTCMCompassRobot.h">
      <Filter>Header Files</Filter>
    </ClInclude>
    <ClInclude Include="Aria\ArTcpConnection.h">
      <Filter>Header Files</Filter>
    </ClInclude>
    <ClInclude Include="Aria\ArThread.h">
      <Filter>Header Files</Filter>
    </ClInclude>
    <ClInclude Include="Aria\ArTransform.h">
      <Filter>Header Files</Filter>
    </ClInclude>
    <ClInclude Include="Aria\ArTrimbleGPS.h">
      <Filter>Header Files</Filter>
    </ClInclude>
    <ClInclude Include="Aria\ArUrg.h">
      <Filter>Header Files</Filter>
    </ClInclude>
    <ClInclude Include="Aria\ArUrg_2_0.h">
      <Filter>Header Files</Filter>
    </ClInclude>
    <ClInclude Include="Aria\ArVCC4.h">
      <Filter>Header Files</Filter>
    </ClInclude>
    <ClInclude Include="Aria\ArVersalogicIO.h">
      <Filter>Header Files</Filter>
    </ClInclude>
    <ClInclude Include="Aria\ArZippable.h">
      <Filter>Header Files</Filter>
    </ClInclude>
    <ClInclude Include="Aria\md5.h">
      <Filter>Header Files</Filter>
    </ClInclude>
    <ClInclude Include="Aria\wrapper_ExtraClasses.h">
      <Filter>Header Files</Filter>
    </ClInclude>
    <ClInclude Include="Aria\wrapper_Functors.h">
      <Filter>Header Files</Filter>
    </ClInclude>
    <ClInclude Include="LaserSensor.h">
      <Filter>Header Files</Filter>
    </ClInclude>
    <ClInclude Include="MainMenu.h">
      <Filter>Header Files</Filter>
    </ClInclude>
    <ClInclude Include="MotionMenu.h">
      <Filter>Header Files</Filter>
    </ClInclude>
    <ClInclude Include="ConnectionMenu.h">
      <Filter>Header Files</Filter>
    </ClInclude>
    <ClInclude Include="QuitMenu.h">
      <Filter>Header Files</Filter>
    </ClInclude>
    <ClInclude Include="Record.h">
      <Filter>Header Files</Filter>
    </ClInclude>
    <ClInclude Include="SensorMenu.h">
      <Filter>Header Files</Filter>
    </ClInclude>
    <ClInclude Include="SonarSensor.h">
      <Filter>Header Files</Filter>
    </ClInclude>
    <ClInclude Include="RobotControl.h">
      <Filter>Header Files</Filter>
    </ClInclude>
    <ClInclude Include="RangeSensor.h">
      <Filter>Source Files</Filter>
    </ClInclude>
    <ClInclude Include="RobotInterface.h">
      <Filter>Header Files</Filter>
    </ClInclude>
    <ClInclude Include="PioneerRobotInterface.h">
      <Filter>Header Files</Filter>
    </ClInclude>
  </ItemGroup>
  <ItemGroup>
    <Library Include="PioneerRobotAPI.lib" />
    <Library Include="AriaDebugVC14.lib" />
  </ItemGroup>
  <ItemGroup>
    <None Include="AriaDebugVC14.dll" />
  </ItemGroup>
</Project>